// !$*UTF8*$!
{
	archiveVersion = 1;
	classes = {
	};
	objectVersion = 77;
	objects = {

/* Begin PBXBuildFile section */
		FB0A00012F60000000000001 /* SwiftTerm in Frameworks */ = {isa = PBXBuildFile; productRef = FB0A00022F60000000000001 /* SwiftTerm */; };
		FB0A00062F60000000000002 /* Sparkle in Frameworks */ = {isa = PBXBuildFile; productRef = FB0A00072F60000000000002 /* Sparkle */; };
		FB57075A2F6834CC0077135F /* TreeSitterPHP in Frameworks */ = {isa = PBXBuildFile; productRef = FB5707592F6834CC0077135F /* TreeSitterPHP */; };
		FB57076B2F6840320077135F /* TreeSitterMarkdown in Frameworks */ = {isa = PBXBuildFile; productRef = FB57076A2F6840320077135F /* TreeSitterMarkdown */; };
		FB57076E2F68417C0077135F /* TreeSitterHTML in Frameworks */ = {isa = PBXBuildFile; productRef = FB57076D2F68417C0077135F /* TreeSitterHTML */; };
		FB5707742F6841F30077135F /* TreeSitterGo in Frameworks */ = {isa = PBXBuildFile; productRef = FB5707732F6841F30077135F /* TreeSitterGo */; };
		FB5707772F6842360077135F /* TreeSitterRuby in Frameworks */ = {isa = PBXBuildFile; productRef = FB5707762F6842360077135F /* TreeSitterRuby */; };
		FB57077A2F6842540077135F /* TreeSitterScala in Frameworks */ = {isa = PBXBuildFile; productRef = FB5707792F6842540077135F /* TreeSitterScala */; };
		FB57077D2F6842700077135F /* TreeSitterHaskell in Frameworks */ = {isa = PBXBuildFile; productRef = FB57077C2F6842700077135F /* TreeSitterHaskell */; };
		FB5707802F6842C30077135F /* TreeSitterTOML in Frameworks */ = {isa = PBXBuildFile; productRef = FB57077F2F6842C30077135F /* TreeSitterTOML */; };
		FB5707832F68430B0077135F /* TreeSitterXML in Frameworks */ = {isa = PBXBuildFile; productRef = FB5707822F68430B0077135F /* TreeSitterXML */; };
		FB57078D2F6847D90077135F /* TreeSitterCSharp in Frameworks */ = {isa = PBXBuildFile; productRef = FB57078C2F6847D90077135F /* TreeSitterCSharp */; };
		FB57078F2F6847F10077135F /* TreeSitterCPP in Frameworks */ = {isa = PBXBuildFile; productRef = FB57078E2F6847F10077135F /* TreeSitterCPP */; };
		FB5726972F6851440077135F /* TreeSitterYAML in Frameworks */ = {isa = PBXBuildFile; productRef = FB5726962F6851440077135F /* TreeSitterYAML */; };
		FB57269A2F68515E0077135F /* TreeSitterLua in Frameworks */ = {isa = PBXBuildFile; productRef = FB5726992F68515E0077135F /* TreeSitterLua */; };
		FB57269D2F6851B90077135F /* TreeSitterCSS in Frameworks */ = {isa = PBXBuildFile; productRef = FB57269C2F6851B90077135F /* TreeSitterCSS */; };
		FB5726A02F6851DA0077135F /* TreeSitterPython in Frameworks */ = {isa = PBXBuildFile; productRef = FB57269F2F6851DA0077135F /* TreeSitterPython */; };
		FB5726A32F6851EE0077135F /* TreeSitterJavaScript in Frameworks */ = {isa = PBXBuildFile; productRef = FB5726A22F6851EE0077135F /* TreeSitterJavaScript */; };
		FB57E1282F67B8090077135F /* TreeSitterSwift in Frameworks */ = {isa = PBXBuildFile; productRef = FB57E1272F67B8090077135F /* TreeSitterSwift */; };
		FB57E12F2F67BC020077135F /* Neon in Frameworks */ = {isa = PBXBuildFile; productRef = FB57E12E2F67BC020077135F /* Neon */; };
		FB57E1322F67BCE90077135F /* TreeSitterRust in Frameworks */ = {isa = PBXBuildFile; productRef = FB57E1312F67BCE90077135F /* TreeSitterRust */; };
		FB57E1352F67BD090077135F /* TreeSitterJSON in Frameworks */ = {isa = PBXBuildFile; productRef = FB57E1342F67BD090077135F /* TreeSitterJSON */; };
		FB57E1382F67BD5B0077135F /* TreeSitterBash in Frameworks */ = {isa = PBXBuildFile; productRef = FB57E1372F67BD5B0077135F /* TreeSitterBash */; };
		FB57E13B2F67BD900077135F /* TreeSitterTypeScript in Frameworks */ = {isa = PBXBuildFile; productRef = FB57E13A2F67BD900077135F /* TreeSitterTypeScript */; };
/* End PBXBuildFile section */

/* Begin PBXContainerItemProxy section */
		FBC7CFC82F53F1FE00F8E0A1 /* PBXContainerItemProxy */ = {
			isa = PBXContainerItemProxy;
			containerPortal = FBC7CFB22F53F1FD00F8E0A1 /* Project object */;
			proxyType = 1;
			remoteGlobalIDString = FBC7CFB92F53F1FD00F8E0A1;
			remoteInfo = "purepoint-macos";
		};
		FBC7CFD22F53F1FE00F8E0A1 /* PBXContainerItemProxy */ = {
			isa = PBXContainerItemProxy;
			containerPortal = FBC7CFB22F53F1FD00F8E0A1 /* Project object */;
			proxyType = 1;
			remoteGlobalIDString = FBC7CFB92F53F1FD00F8E0A1;
			remoteInfo = "purepoint-macos";
		};
/* End PBXContainerItemProxy section */

/* Begin PBXFileReference section */
		FBC7CFBA2F53F1FD00F8E0A1 /* purepoint-macos.app */ = {isa = PBXFileReference; explicitFileType = wrapper.application; includeInIndex = 0; name = "purepoint-macos.app"; path = PurePoint.app; sourceTree = BUILT_PRODUCTS_DIR; };
		FBC7CFC72F53F1FE00F8E0A1 /* purepoint-macosTests.xctest */ = {isa = PBXFileReference; explicitFileType = wrapper.cfbundle; includeInIndex = 0; path = "purepoint-macosTests.xctest"; sourceTree = BUILT_PRODUCTS_DIR; };
		FBC7CFD12F53F1FE00F8E0A1 /* purepoint-macosUITests.xctest */ = {isa = PBXFileReference; explicitFileType = wrapper.cfbundle; includeInIndex = 0; path = "purepoint-macosUITests.xctest"; sourceTree = BUILT_PRODUCTS_DIR; };
/* End PBXFileReference section */

/* Begin PBXFileSystemSynchronizedRootGroup section */
		FBC7CFBC2F53F1FD00F8E0A1 /* purepoint-macos */ = {
			isa = PBXFileSystemSynchronizedRootGroup;
			path = "purepoint-macos";
			sourceTree = "<group>";
		};
		FBC7CFCA2F53F1FE00F8E0A1 /* purepoint-macosTests */ = {
			isa = PBXFileSystemSynchronizedRootGroup;
			path = "purepoint-macosTests";
			sourceTree = "<group>";
		};
		FBC7CFD42F53F1FE00F8E0A1 /* purepoint-macosUITests */ = {
			isa = PBXFileSystemSynchronizedRootGroup;
			path = "purepoint-macosUITests";
			sourceTree = "<group>";
		};
/* End PBXFileSystemSynchronizedRootGroup section */

/* Begin PBXFrameworksBuildPhase section */
		FBC7CFB72F53F1FD00F8E0A1 /* Frameworks */ = {
			isa = PBXFrameworksBuildPhase;
			buildActionMask = 2147483647;
			files = (
				FB57E12F2F67BC020077135F /* Neon in Frameworks */,
				FB0A00012F60000000000001 /* SwiftTerm in Frameworks */,
				FB0A00062F60000000000002 /* Sparkle in Frameworks */,
				FB57E1352F67BD090077135F /* TreeSitterJSON in Frameworks */,
				FB57E1322F67BCE90077135F /* TreeSitterRust in Frameworks */,
				FB5726A02F6851DA0077135F /* TreeSitterPython in Frameworks */,
				FB57269A2F68515E0077135F /* TreeSitterLua in Frameworks */,
				FB57E1282F67B8090077135F /* TreeSitterSwift in Frameworks */,
				FB5726972F6851440077135F /* TreeSitterYAML in Frameworks */,
				FB5726A32F6851EE0077135F /* TreeSitterJavaScript in Frameworks */,
				FB57E1382F67BD5B0077135F /* TreeSitterBash in Frameworks */,
				FB57269D2F6851B90077135F /* TreeSitterCSS in Frameworks */,
				FB57E13B2F67BD900077135F /* TreeSitterTypeScript in Frameworks */,
				FB57075A2F6834CC0077135F /* TreeSitterPHP in Frameworks */,
				FB57076B2F6840320077135F /* TreeSitterMarkdown in Frameworks */,
				FB57076E2F68417C0077135F /* TreeSitterHTML in Frameworks */,
				FB5707742F6841F30077135F /* TreeSitterGo in Frameworks */,
				FB5707772F6842360077135F /* TreeSitterRuby in Frameworks */,
				FB57077A2F6842540077135F /* TreeSitterScala in Frameworks */,
				FB57077D2F6842700077135F /* TreeSitterHaskell in Frameworks */,
				FB5707802F6842C30077135F /* TreeSitterTOML in Frameworks */,
				FB5707832F68430B0077135F /* TreeSitterXML in Frameworks */,
				FB57078D2F6847D90077135F /* TreeSitterCSharp in Frameworks */,
				FB57078F2F6847F10077135F /* TreeSitterCPP in Frameworks */,
			);
			runOnlyForDeploymentPostprocessing = 0;
		};
		FBC7CFC42F53F1FE00F8E0A1 /* Frameworks */ = {
			isa = PBXFrameworksBuildPhase;
			buildActionMask = 2147483647;
			files = (
			);
			runOnlyForDeploymentPostprocessing = 0;
		};
		FBC7CFCE2F53F1FE00F8E0A1 /* Frameworks */ = {
			isa = PBXFrameworksBuildPhase;
			buildActionMask = 2147483647;
			files = (
			);
			runOnlyForDeploymentPostprocessing = 0;
		};
/* End PBXFrameworksBuildPhase section */

/* Begin PBXGroup section */
		FBC7CFB12F53F1FD00F8E0A1 = {
			isa = PBXGroup;
			children = (
				FBC7CFBC2F53F1FD00F8E0A1 /* purepoint-macos */,
				FBC7CFCA2F53F1FE00F8E0A1 /* purepoint-macosTests */,
				FBC7CFD42F53F1FE00F8E0A1 /* purepoint-macosUITests */,
				FBC7CFBB2F53F1FD00F8E0A1 /* Products */,
			);
			sourceTree = "<group>";
		};
		FBC7CFBB2F53F1FD00F8E0A1 /* Products */ = {
			isa = PBXGroup;
			children = (
				FBC7CFBA2F53F1FD00F8E0A1 /* purepoint-macos.app */,
				FBC7CFC72F53F1FE00F8E0A1 /* purepoint-macosTests.xctest */,
				FBC7CFD12F53F1FE00F8E0A1 /* purepoint-macosUITests.xctest */,
			);
			name = Products;
			sourceTree = "<group>";
		};
/* End PBXGroup section */

/* Begin PBXNativeTarget section */
		FBC7CFB92F53F1FD00F8E0A1 /* purepoint-macos */ = {
			isa = PBXNativeTarget;
			buildConfigurationList = FBC7CFDB2F53F1FE00F8E0A1 /* Build configuration list for PBXNativeTarget "purepoint-macos" */;
			buildPhases = (
				FB0B00012F70000000000001 /* Build Rust Binaries */,
				FBC7CFB62F53F1FD00F8E0A1 /* Sources */,
				FBC7CFB72F53F1FD00F8E0A1 /* Frameworks */,
				FBC7CFB82F53F1FD00F8E0A1 /* Resources */,
			);
			buildRules = (
			);
			dependencies = (
			);
			fileSystemSynchronizedGroups = (
				FBC7CFBC2F53F1FD00F8E0A1 /* purepoint-macos */,
			);
			name = "purepoint-macos";
			packageProductDependencies = (
				FB0A00022F60000000000001 /* SwiftTerm */,
				FB0A00072F60000000000002 /* Sparkle */,
				FB57E1272F67B8090077135F /* TreeSitterSwift */,
				FB57E12E2F67BC020077135F /* Neon */,
				FB57E1312F67BCE90077135F /* TreeSitterRust */,
				FB57E1342F67BD090077135F /* TreeSitterJSON */,
				FB57E1372F67BD5B0077135F /* TreeSitterBash */,
				FB57E13A2F67BD900077135F /* TreeSitterTypeScript */,
				FB5726962F6851440077135F /* TreeSitterYAML */,
				FB5726992F68515E0077135F /* TreeSitterLua */,
				FB57269C2F6851B90077135F /* TreeSitterCSS */,
				FB57269F2F6851DA0077135F /* TreeSitterPython */,
				FB5726A22F6851EE0077135F /* TreeSitterJavaScript */,
				FB5707592F6834CC0077135F /* TreeSitterPHP */,
				FB57076A2F6840320077135F /* TreeSitterMarkdown */,
				FB57076D2F68417C0077135F /* TreeSitterHTML */,
				FB5707732F6841F30077135F /* TreeSitterGo */,
				FB5707762F6842360077135F /* TreeSitterRuby */,
				FB5707792F6842540077135F /* TreeSitterScala */,
				FB57077C2F6842700077135F /* TreeSitterHaskell */,
				FB57077F2F6842C30077135F /* TreeSitterTOML */,
				FB5707822F68430B0077135F /* TreeSitterXML */,
				FB57078C2F6847D90077135F /* TreeSitterCSharp */,
				FB57078E2F6847F10077135F /* TreeSitterCPP */,
			);
			productName = "purepoint-macos";
			productReference = FBC7CFBA2F53F1FD00F8E0A1 /* purepoint-macos.app */;
			productType = "com.apple.product-type.application";
		};
		FBC7CFC62F53F1FE00F8E0A1 /* purepoint-macosTests */ = {
			isa = PBXNativeTarget;
			buildConfigurationList = FBC7CFDE2F53F1FE00F8E0A1 /* Build configuration list for PBXNativeTarget "purepoint-macosTests" */;
			buildPhases = (
				FBC7CFC32F53F1FE00F8E0A1 /* Sources */,
				FBC7CFC42F53F1FE00F8E0A1 /* Frameworks */,
				FBC7CFC52F53F1FE00F8E0A1 /* Resources */,
			);
			buildRules = (
			);
			dependencies = (
				FBC7CFC92F53F1FE00F8E0A1 /* PBXTargetDependency */,
			);
			fileSystemSynchronizedGroups = (
				FBC7CFCA2F53F1FE00F8E0A1 /* purepoint-macosTests */,
			);
			name = "purepoint-macosTests";
			packageProductDependencies = (
			);
			productName = "purepoint-macosTests";
			productReference = FBC7CFC72F53F1FE00F8E0A1 /* purepoint-macosTests.xctest */;
			productType = "com.apple.product-type.bundle.unit-test";
		};
		FBC7CFD02F53F1FE00F8E0A1 /* purepoint-macosUITests */ = {
			isa = PBXNativeTarget;
			buildConfigurationList = FBC7CFE12F53F1FE00F8E0A1 /* Build configuration list for PBXNativeTarget "purepoint-macosUITests" */;
			buildPhases = (
				FBC7CFCD2F53F1FE00F8E0A1 /* Sources */,
				FBC7CFCE2F53F1FE00F8E0A1 /* Frameworks */,
				FBC7CFCF2F53F1FE00F8E0A1 /* Resources */,
			);
			buildRules = (
			);
			dependencies = (
				FBC7CFD32F53F1FE00F8E0A1 /* PBXTargetDependency */,
			);
			fileSystemSynchronizedGroups = (
				FBC7CFD42F53F1FE00F8E0A1 /* purepoint-macosUITests */,
			);
			name = "purepoint-macosUITests";
			packageProductDependencies = (
			);
			productName = "purepoint-macosUITests";
			productReference = FBC7CFD12F53F1FE00F8E0A1 /* purepoint-macosUITests.xctest */;
			productType = "com.apple.product-type.bundle.ui-testing";
		};
/* End PBXNativeTarget section */

/* Begin PBXProject section */
		FBC7CFB22F53F1FD00F8E0A1 /* Project object */ = {
			isa = PBXProject;
			attributes = {
				BuildIndependentTargetsInParallel = 1;
				LastSwiftUpdateCheck = 2610;
				LastUpgradeCheck = 2630;
				TargetAttributes = {
					FBC7CFB92F53F1FD00F8E0A1 = {
						CreatedOnToolsVersion = 26.1.1;
					};
					FBC7CFC62F53F1FE00F8E0A1 = {
						CreatedOnToolsVersion = 26.1.1;
						TestTargetID = FBC7CFB92F53F1FD00F8E0A1;
					};
					FBC7CFD02F53F1FE00F8E0A1 = {
						CreatedOnToolsVersion = 26.1.1;
						TestTargetID = FBC7CFB92F53F1FD00F8E0A1;
					};
				};
			};
			buildConfigurationList = FBC7CFB52F53F1FD00F8E0A1 /* Build configuration list for PBXProject "purepoint-macos" */;
			developmentRegion = en;
			hasScannedForEncodings = 0;
			knownRegions = (
				en,
				Base,
			);
			mainGroup = FBC7CFB12F53F1FD00F8E0A1;
			minimizedProjectReferenceProxies = 1;
			packageReferences = (
				FB0A00032F60000000000001 /* XCRemoteSwiftPackageReference "SwiftTerm" */,
				FB0A00082F60000000000002 /* XCRemoteSwiftPackageReference "Sparkle" */,
				FB57E1262F67B8090077135F /* XCRemoteSwiftPackageReference "tree-sitter-swift" */,
				FB57E12C2F67BB8F0077135F /* XCRemoteSwiftPackageReference "tree-sitter-typescript" */,
				FB57E12D2F67BC020077135F /* XCRemoteSwiftPackageReference "Neon" */,
				FB57E1302F67BCE90077135F /* XCRemoteSwiftPackageReference "tree-sitter-rust" */,
				FB57E1332F67BD090077135F /* XCRemoteSwiftPackageReference "tree-sitter-json" */,
				FB57E1362F67BD5B0077135F /* XCRemoteSwiftPackageReference "tree-sitter-bash" */,
				FB5726952F6851440077135F /* XCLocalSwiftPackageReference "LocalPackages/tree-sitter-yaml" */,
				FB5726982F68515E0077135F /* XCLocalSwiftPackageReference "LocalPackages/tree-sitter-lua" */,
				FB57269B2F6851B90077135F /* XCLocalSwiftPackageReference "LocalPackages/tree-sitter-css" */,
				FB57269E2F6851DA0077135F /* XCLocalSwiftPackageReference "LocalPackages/tree-sitter-python" */,
				FB5726A12F6851EE0077135F /* XCLocalSwiftPackageReference "LocalPackages/tree-sitter-javascript" */,
				FB5707582F6834CC0077135F /* XCRemoteSwiftPackageReference "tree-sitter-php" */,
				FB5707692F6840320077135F /* XCRemoteSwiftPackageReference "tree-sitter-markdown" */,
				FB57076C2F68417C0077135F /* XCRemoteSwiftPackageReference "tree-sitter-html" */,
				FB5707722F6841F30077135F /* XCRemoteSwiftPackageReference "tree-sitter-go" */,
				FB5707752F6842360077135F /* XCRemoteSwiftPackageReference "tree-sitter-ruby" */,
				FB5707782F6842540077135F /* XCRemoteSwiftPackageReference "tree-sitter-scala" */,
				FB57077B2F6842700077135F /* XCRemoteSwiftPackageReference "tree-sitter-haskell" */,
				FB57077E2F6842C30077135F /* XCRemoteSwiftPackageReference "tree-sitter-toml" */,
				FB5707812F68430B0077135F /* XCRemoteSwiftPackageReference "tree-sitter-xml" */,
				FB57078B2F6847D90077135F /* XCRemoteSwiftPackageReference "tree-sitter-c-sharp" */,
				FB57078D2F6847F10077135F /* XCRemoteSwiftPackageReference "tree-sitter-cpp" */,
			);
			preferredProjectObjectVersion = 77;
			productRefGroup = FBC7CFBB2F53F1FD00F8E0A1 /* Products */;
			projectDirPath = "";
			projectRoot = "";
			targets = (
				FBC7CFB92F53F1FD00F8E0A1 /* purepoint-macos */,
				FBC7CFC62F53F1FE00F8E0A1 /* purepoint-macosTests */,
				FBC7CFD02F53F1FE00F8E0A1 /* purepoint-macosUITests */,
			);
		};
/* End PBXProject section */

/* Begin PBXResourcesBuildPhase section */
		FBC7CFB82F53F1FD00F8E0A1 /* Resources */ = {
			isa = PBXResourcesBuildPhase;
			buildActionMask = 2147483647;
			files = (
			);
			runOnlyForDeploymentPostprocessing = 0;
		};
		FBC7CFC52F53F1FE00F8E0A1 /* Resources */ = {
			isa = PBXResourcesBuildPhase;
			buildActionMask = 2147483647;
			files = (
			);
			runOnlyForDeploymentPostprocessing = 0;
		};
		FBC7CFCF2F53F1FE00F8E0A1 /* Resources */ = {
			isa = PBXResourcesBuildPhase;
			buildActionMask = 2147483647;
			files = (
			);
			runOnlyForDeploymentPostprocessing = 0;
		};
/* End PBXResourcesBuildPhase section */

/* Begin PBXShellScriptBuildPhase section */
		FB0B00012F70000000000001 /* Build Rust Binaries */ = {
			isa = PBXShellScriptBuildPhase;
			buildActionMask = 2147483647;
			files = (
			);
			inputFileListPaths = (
			);
			inputPaths = (
				"$(SRCROOT)/../../crates/pu-engine/src/**/*.rs",
				"$(SRCROOT)/../../crates/pu-cli/src/**/*.rs",
				"$(SRCROOT)/../../crates/pu-core/src/**/*.rs",
				"$(SRCROOT)/../../crates/pu-cli/assets/plugin/.claude-plugin/plugin.json",
				"$(SRCROOT)/../../crates/pu-cli/assets/plugin/skills/pu/SKILL.md",
				"$(SRCROOT)/../../crates/pu-cli/assets/plugin/commands/pu.md",
				"$(SRCROOT)/../../crates/pu-cli/assets/plugin/commands/orchestrate.md",
			);
			name = "Build Rust Binaries";
			outputFileListPaths = (
			);
			outputPaths = (
				"$(BUILT_PRODUCTS_DIR)/$(CONTENTS_FOLDER_PATH)/MacOS/pu-engine",
				"$(BUILT_PRODUCTS_DIR)/$(CONTENTS_FOLDER_PATH)/MacOS/pu",
				"$(BUILT_PRODUCTS_DIR)/$(CONTENTS_FOLDER_PATH)/Resources/pu-plugin/.claude-plugin/plugin.json",
			);
			runOnlyForDeploymentPostprocessing = 0;
			shellPath = /bin/bash;
			shellScript = "set -euo pipefail\n\n# Ensure cargo is available (Xcode strips PATH)\nexport PATH=\"$HOME/.cargo/bin:$PATH:/opt/homebrew/bin:/usr/local/bin\"\n\nRUST_ROOT=\"$SRCROOT/../../crates\"\nENGINE_BIN=\"pu-engine\"\nCLI_BIN=\"pu\"\nOUT_DIR=\"$BUILT_PRODUCTS_DIR/$CONTENTS_FOLDER_PATH/MacOS\"\nPU_BIN_DIR=\"$HOME/.pu/bin\"\n\n# Build for current architecture only in Debug, universal in Release\nif [ \"$CONFIGURATION\" = \"Release\" ]; then\n    rustup target add aarch64-apple-darwin x86_64-apple-darwin 2>/dev/null || true\n    cargo build --release --manifest-path \"$RUST_ROOT/../Cargo.toml\" -p pu-engine -p pu-cli \\\n        --target aarch64-apple-darwin\n    cargo build --release --manifest-path \"$RUST_ROOT/../Cargo.toml\" -p pu-engine -p pu-cli \\\n        --target x86_64-apple-darwin\n    lipo -create -output \"$OUT_DIR/$ENGINE_BIN\" \\\n        \"$RUST_ROOT/../target/aarch64-apple-darwin/release/$ENGINE_BIN\" \\\n        \"$RUST_ROOT/../target/x86_64-apple-darwin/release/$ENGINE_BIN\"\n    lipo -create -output \"$OUT_DIR/$CLI_BIN\" \\\n        \"$RUST_ROOT/../target/aarch64-apple-darwin/release/$CLI_BIN\" \\\n        \"$RUST_ROOT/../target/x86_64-apple-darwin/release/$CLI_BIN\"\nelse\n    cargo build --manifest-path \"$RUST_ROOT/../Cargo.toml\" -p pu-engine -p pu-cli\n    cp \"$RUST_ROOT/../target/debug/$ENGINE_BIN\" \"$OUT_DIR/$ENGINE_BIN\"\n    cp \"$RUST_ROOT/../target/debug/$CLI_BIN\" \"$OUT_DIR/$CLI_BIN\"\n    # Also update ~/.cargo/bin and ~/.pu/bin so CLI usage stays in sync\n    cp \"$RUST_ROOT/../target/debug/$ENGINE_BIN\" \"$HOME/.cargo/bin/$ENGINE_BIN\" 2>/dev/null || true\n    mkdir -p \"$PU_BIN_DIR\"\n    cp \"$RUST_ROOT/../target/debug/$CLI_BIN\" \"$PU_BIN_DIR/$CLI_BIN\" 2>/dev/null || true\nfi\n\n# Copy plugin directory into app bundle for CLIInstaller\nmkdir -p \"$BUILT_PRODUCTS_DIR/$CONTENTS_FOLDER_PATH/Resources\"\nrm -rf \"$BUILT_PRODUCTS_DIR/$CONTENTS_FOLDER_PATH/Resources/pu-plugin\"\ncp -R \"$RUST_ROOT/pu-cli/assets/plugin\" \"$BUILT_PRODUCTS_DIR/$CONTENTS_FOLDER_PATH/Resources/pu-plugin\"\n\n# Code sign the binaries with the app's identity\ncodesign --force --sign \"${EXPANDED_CODE_SIGN_IDENTITY:--}\" --options runtime \"$OUT_DIR/$ENGINE_BIN\"\ncodesign --force --sign \"${EXPANDED_CODE_SIGN_IDENTITY:--}\" --options runtime \"$OUT_DIR/$CLI_BIN\"\n";
		};
/* End PBXShellScriptBuildPhase section */

/* Begin PBXSourcesBuildPhase section */
		FBC7CFB62F53F1FD00F8E0A1 /* Sources */ = {
			isa = PBXSourcesBuildPhase;
			buildActionMask = 2147483647;
			files = (
			);
			runOnlyForDeploymentPostprocessing = 0;
		};
		FBC7CFC32F53F1FE00F8E0A1 /* Sources */ = {
			isa = PBXSourcesBuildPhase;
			buildActionMask = 2147483647;
			files = (
			);
			runOnlyForDeploymentPostprocessing = 0;
		};
		FBC7CFCD2F53F1FE00F8E0A1 /* Sources */ = {
			isa = PBXSourcesBuildPhase;
			buildActionMask = 2147483647;
			files = (
			);
			runOnlyForDeploymentPostprocessing = 0;
		};
/* End PBXSourcesBuildPhase section */

/* Begin PBXTargetDependency section */
		FBC7CFC92F53F1FE00F8E0A1 /* PBXTargetDependency */ = {
			isa = PBXTargetDependency;
			target = FBC7CFB92F53F1FD00F8E0A1 /* purepoint-macos */;
			targetProxy = FBC7CFC82F53F1FE00F8E0A1 /* PBXContainerItemProxy */;
		};
		FBC7CFD32F53F1FE00F8E0A1 /* PBXTargetDependency */ = {
			isa = PBXTargetDependency;
			target = FBC7CFB92F53F1FD00F8E0A1 /* purepoint-macos */;
			targetProxy = FBC7CFD22F53F1FE00F8E0A1 /* PBXContainerItemProxy */;
		};
/* End PBXTargetDependency section */

/* Begin XCBuildConfiguration section */
		FBC7CFD92F53F1FE00F8E0A1 /* Debug */ = {
			isa = XCBuildConfiguration;
			buildSettings = {
				ALWAYS_SEARCH_USER_PATHS = NO;
				ASSETCATALOG_COMPILER_GENERATE_SWIFT_ASSET_SYMBOL_EXTENSIONS = YES;
				CLANG_ANALYZER_NONNULL = YES;
				CLANG_ANALYZER_NUMBER_OBJECT_CONVERSION = YES_AGGRESSIVE;
				CLANG_CXX_LANGUAGE_STANDARD = "gnu++20";
				CLANG_ENABLE_MODULES = YES;
				CLANG_ENABLE_OBJC_ARC = YES;
				CLANG_ENABLE_OBJC_WEAK = YES;
				CLANG_WARN_BLOCK_CAPTURE_AUTORELEASING = YES;
				CLANG_WARN_BOOL_CONVERSION = YES;
				CLANG_WARN_COMMA = YES;
				CLANG_WARN_CONSTANT_CONVERSION = YES;
				CLANG_WARN_DEPRECATED_OBJC_IMPLEMENTATIONS = YES;
				CLANG_WARN_DIRECT_OBJC_ISA_USAGE = YES_ERROR;
				CLANG_WARN_DOCUMENTATION_COMMENTS = YES;
				CLANG_WARN_EMPTY_BODY = YES;
				CLANG_WARN_ENUM_CONVERSION = YES;
				CLANG_WARN_INFINITE_RECURSION = YES;
				CLANG_WARN_INT_CONVERSION = YES;
				CLANG_WARN_NON_LITERAL_NULL_CONVERSION = YES;
				CLANG_WARN_OBJC_IMPLICIT_RETAIN_SELF = YES;
				CLANG_WARN_OBJC_LITERAL_CONVERSION = YES;
				CLANG_WARN_OBJC_ROOT_CLASS = YES_ERROR;
				CLANG_WARN_QUOTED_INCLUDE_IN_FRAMEWORK_HEADER = YES;
				CLANG_WARN_RANGE_LOOP_ANALYSIS = YES;
				CLANG_WARN_STRICT_PROTOTYPES = YES;
				CLANG_WARN_SUSPICIOUS_MOVE = YES;
				CLANG_WARN_UNGUARDED_AVAILABILITY = YES_AGGRESSIVE;
				CLANG_WARN_UNREACHABLE_CODE = YES;
				CLANG_WARN__DUPLICATE_METHOD_MATCH = YES;
				COPY_PHASE_STRIP = NO;
				DEAD_CODE_STRIPPING = YES;
				DEBUG_INFORMATION_FORMAT = dwarf;
				DEVELOPMENT_TEAM = M96WTV3CKX;
				ENABLE_STRICT_OBJC_MSGSEND = YES;
				ENABLE_TESTABILITY = YES;
				ENABLE_USER_SCRIPT_SANDBOXING = NO;
				GCC_C_LANGUAGE_STANDARD = gnu17;
				GCC_DYNAMIC_NO_PIC = NO;
				GCC_NO_COMMON_BLOCKS = YES;
				GCC_OPTIMIZATION_LEVEL = 0;
				GCC_PREPROCESSOR_DEFINITIONS = (
					"DEBUG=1",
					"$(inherited)",
				);
				GCC_WARN_64_TO_32_BIT_CONVERSION = YES;
				GCC_WARN_ABOUT_RETURN_TYPE = YES_ERROR;
				GCC_WARN_UNDECLARED_SELECTOR = YES;
				GCC_WARN_UNINITIALIZED_AUTOS = YES_AGGRESSIVE;
				GCC_WARN_UNUSED_FUNCTION = YES;
				GCC_WARN_UNUSED_VARIABLE = YES;
				LOCALIZATION_PREFERS_STRING_CATALOGS = YES;
				MACOSX_DEPLOYMENT_TARGET = 26.1;
				MTL_ENABLE_DEBUG_INFO = INCLUDE_SOURCE;
				MTL_FAST_MATH = YES;
				ONLY_ACTIVE_ARCH = YES;
				SDKROOT = macosx;
				STRING_CATALOG_GENERATE_SYMBOLS = YES;
				SWIFT_ACTIVE_COMPILATION_CONDITIONS = "DEBUG $(inherited)";
				SWIFT_OPTIMIZATION_LEVEL = "-Onone";
			};
			name = Debug;
		};
		FBC7CFDA2F53F1FE00F8E0A1 /* Release */ = {
			isa = XCBuildConfiguration;
			buildSettings = {
				ALWAYS_SEARCH_USER_PATHS = NO;
				ASSETCATALOG_COMPILER_GENERATE_SWIFT_ASSET_SYMBOL_EXTENSIONS = YES;
				CLANG_ANALYZER_NONNULL = YES;
				CLANG_ANALYZER_NUMBER_OBJECT_CONVERSION = YES_AGGRESSIVE;
				CLANG_CXX_LANGUAGE_STANDARD = "gnu++20";
				CLANG_ENABLE_MODULES = YES;
				CLANG_ENABLE_OBJC_ARC = YES;
				CLANG_ENABLE_OBJC_WEAK = YES;
				CLANG_WARN_BLOCK_CAPTURE_AUTORELEASING = YES;
				CLANG_WARN_BOOL_CONVERSION = YES;
				CLANG_WARN_COMMA = YES;
				CLANG_WARN_CONSTANT_CONVERSION = YES;
				CLANG_WARN_DEPRECATED_OBJC_IMPLEMENTATIONS = YES;
				CLANG_WARN_DIRECT_OBJC_ISA_USAGE = YES_ERROR;
				CLANG_WARN_DOCUMENTATION_COMMENTS = YES;
				CLANG_WARN_EMPTY_BODY = YES;
				CLANG_WARN_ENUM_CONVERSION = YES;
				CLANG_WARN_INFINITE_RECURSION = YES;
				CLANG_WARN_INT_CONVERSION = YES;
				CLANG_WARN_NON_LITERAL_NULL_CONVERSION = YES;
				CLANG_WARN_OBJC_IMPLICIT_RETAIN_SELF = YES;
				CLANG_WARN_OBJC_LITERAL_CONVERSION = YES;
				CLANG_WARN_OBJC_ROOT_CLASS = YES_ERROR;
				CLANG_WARN_QUOTED_INCLUDE_IN_FRAMEWORK_HEADER = YES;
				CLANG_WARN_RANGE_LOOP_ANALYSIS = YES;
				CLANG_WARN_STRICT_PROTOTYPES = YES;
				CLANG_WARN_SUSPICIOUS_MOVE = YES;
				CLANG_WARN_UNGUARDED_AVAILABILITY = YES_AGGRESSIVE;
				CLANG_WARN_UNREACHABLE_CODE = YES;
				CLANG_WARN__DUPLICATE_METHOD_MATCH = YES;
				COPY_PHASE_STRIP = NO;
				DEAD_CODE_STRIPPING = YES;
				DEBUG_INFORMATION_FORMAT = "dwarf-with-dsym";
				DEVELOPMENT_TEAM = M96WTV3CKX;
				ENABLE_NS_ASSERTIONS = NO;
				ENABLE_STRICT_OBJC_MSGSEND = YES;
				ENABLE_USER_SCRIPT_SANDBOXING = NO;
				GCC_C_LANGUAGE_STANDARD = gnu17;
				GCC_NO_COMMON_BLOCKS = YES;
				GCC_WARN_64_TO_32_BIT_CONVERSION = YES;
				GCC_WARN_ABOUT_RETURN_TYPE = YES_ERROR;
				GCC_WARN_UNDECLARED_SELECTOR = YES;
				GCC_WARN_UNINITIALIZED_AUTOS = YES_AGGRESSIVE;
				GCC_WARN_UNUSED_FUNCTION = YES;
				GCC_WARN_UNUSED_VARIABLE = YES;
				LOCALIZATION_PREFERS_STRING_CATALOGS = YES;
				MACOSX_DEPLOYMENT_TARGET = 26.1;
				MTL_ENABLE_DEBUG_INFO = NO;
				MTL_FAST_MATH = YES;
				SDKROOT = macosx;
				STRING_CATALOG_GENERATE_SYMBOLS = YES;
				SWIFT_COMPILATION_MODE = wholemodule;
			};
			name = Release;
		};
		FBC7CFDC2F53F1FE00F8E0A1 /* Debug */ = {
			isa = XCBuildConfiguration;
			buildSettings = {
				ASSETCATALOG_COMPILER_APPICON_NAME = AppIcon;
				ASSETCATALOG_COMPILER_GLOBAL_ACCENT_COLOR_NAME = AccentColor;
				CODE_SIGN_ENTITLEMENTS = "purepoint-macos/PurePoint.entitlements";
				CODE_SIGN_STYLE = Automatic;
				COMBINE_HIDPI_IMAGES = YES;
				CURRENT_PROJECT_VERSION = 200;
				DEAD_CODE_STRIPPING = YES;
				DEVELOPMENT_TEAM = M96WTV3CKX;
				ENABLE_APP_SANDBOX = NO;
				ENABLE_HARDENED_RUNTIME = YES;
				ENABLE_PREVIEWS = YES;
				ENABLE_USER_SELECTED_FILES = readonly;
				GENERATE_INFOPLIST_FILE = YES;
				INFOPLIST_FILE = Info.plist;
				INFOPLIST_KEY_CFBundleDisplayName = PurePoint;
				INFOPLIST_KEY_NSHumanReadableCopyright = "";
				LD_RUNPATH_SEARCH_PATHS = (
					"$(inherited)",
					"@executable_path/../Frameworks",
				);
				MARKETING_VERSION = 0.2.0;
				PRODUCT_BUNDLE_IDENTIFIER = com.2witstudios.PurePoint;
				PRODUCT_NAME = PurePoint;
				REGISTER_APP_GROUPS = YES;
				STRING_CATALOG_GENERATE_SYMBOLS = YES;
				SWIFT_APPROACHABLE_CONCURRENCY = YES;
				SWIFT_DEFAULT_ACTOR_ISOLATION = MainActor;
				SWIFT_EMIT_LOC_STRINGS = YES;
				SWIFT_UPCOMING_FEATURE_MEMBER_IMPORT_VISIBILITY = YES;
				SWIFT_VERSION = 5.0;
			};
			name = Debug;
		};
		FBC7CFDD2F53F1FE00F8E0A1 /* Release */ = {
			isa = XCBuildConfiguration;
			buildSettings = {
				ASSETCATALOG_COMPILER_APPICON_NAME = AppIcon;
				ASSETCATALOG_COMPILER_GLOBAL_ACCENT_COLOR_NAME = AccentColor;
				CODE_SIGN_ENTITLEMENTS = "purepoint-macos/PurePoint.entitlements";
				CODE_SIGN_STYLE = Automatic;
				COMBINE_HIDPI_IMAGES = YES;
				CURRENT_PROJECT_VERSION = 200;
				DEAD_CODE_STRIPPING = YES;
				DEVELOPMENT_TEAM = M96WTV3CKX;
				ENABLE_APP_SANDBOX = NO;
				ENABLE_HARDENED_RUNTIME = YES;
				ENABLE_PREVIEWS = YES;
				ENABLE_USER_SELECTED_FILES = readonly;
				GENERATE_INFOPLIST_FILE = YES;
				INFOPLIST_FILE = Info.plist;
				INFOPLIST_KEY_CFBundleDisplayName = PurePoint;
				INFOPLIST_KEY_NSHumanReadableCopyright = "";
				LD_RUNPATH_SEARCH_PATHS = (
					"$(inherited)",
					"@executable_path/../Frameworks",
				);
				MARKETING_VERSION = 0.2.0;
				PRODUCT_BUNDLE_IDENTIFIER = com.2witstudios.PurePoint;
				PRODUCT_NAME = PurePoint;
				REGISTER_APP_GROUPS = YES;
				STRING_CATALOG_GENERATE_SYMBOLS = YES;
				SWIFT_APPROACHABLE_CONCURRENCY = YES;
				SWIFT_DEFAULT_ACTOR_ISOLATION = MainActor;
				SWIFT_EMIT_LOC_STRINGS = YES;
				SWIFT_UPCOMING_FEATURE_MEMBER_IMPORT_VISIBILITY = YES;
				SWIFT_VERSION = 5.0;
			};
			name = Release;
		};
		FBC7CFDF2F53F1FE00F8E0A1 /* Debug */ = {
			isa = XCBuildConfiguration;
			buildSettings = {
				BUNDLE_LOADER = "$(TEST_HOST)";
				CODE_SIGN_STYLE = Automatic;
				CURRENT_PROJECT_VERSION = 200;
				DEAD_CODE_STRIPPING = YES;
				DEVELOPMENT_TEAM = M96WTV3CKX;
				GENERATE_INFOPLIST_FILE = YES;
				MACOSX_DEPLOYMENT_TARGET = 26.1;
				MARKETING_VERSION = 0.2.0;
				PRODUCT_BUNDLE_IDENTIFIER = com.2witstudios.PurePoint.Tests;
				PRODUCT_NAME = "$(TARGET_NAME)";
				STRING_CATALOG_GENERATE_SYMBOLS = NO;
				SWIFT_APPROACHABLE_CONCURRENCY = YES;
				SWIFT_EMIT_LOC_STRINGS = NO;
				SWIFT_UPCOMING_FEATURE_MEMBER_IMPORT_VISIBILITY = YES;
				SWIFT_VERSION = 5.0;
				TEST_HOST = "$(BUILT_PRODUCTS_DIR)/PurePoint.app/$(BUNDLE_EXECUTABLE_FOLDER_PATH)/PurePoint";
			};
			name = Debug;
		};
		FBC7CFE02F53F1FE00F8E0A1 /* Release */ = {
			isa = XCBuildConfiguration;
			buildSettings = {
				BUNDLE_LOADER = "$(TEST_HOST)";
				CODE_SIGN_STYLE = Automatic;
				CURRENT_PROJECT_VERSION = 200;
				DEAD_CODE_STRIPPING = YES;
				DEVELOPMENT_TEAM = M96WTV3CKX;
				GENERATE_INFOPLIST_FILE = YES;
				MACOSX_DEPLOYMENT_TARGET = 26.1;
				MARKETING_VERSION = 0.2.0;
				PRODUCT_BUNDLE_IDENTIFIER = com.2witstudios.PurePoint.Tests;
				PRODUCT_NAME = "$(TARGET_NAME)";
				STRING_CATALOG_GENERATE_SYMBOLS = NO;
				SWIFT_APPROACHABLE_CONCURRENCY = YES;
				SWIFT_EMIT_LOC_STRINGS = NO;
				SWIFT_UPCOMING_FEATURE_MEMBER_IMPORT_VISIBILITY = YES;
				SWIFT_VERSION = 5.0;
				TEST_HOST = "$(BUILT_PRODUCTS_DIR)/PurePoint.app/$(BUNDLE_EXECUTABLE_FOLDER_PATH)/PurePoint";
			};
			name = Release;
		};
		FBC7CFE22F53F1FE00F8E0A1 /* Debug */ = {
			isa = XCBuildConfiguration;
			buildSettings = {
				CODE_SIGN_STYLE = Automatic;
				CURRENT_PROJECT_VERSION = 200;
				DEAD_CODE_STRIPPING = YES;
				DEVELOPMENT_TEAM = M96WTV3CKX;
				GENERATE_INFOPLIST_FILE = YES;
				MARKETING_VERSION = 0.2.0;
				PRODUCT_BUNDLE_IDENTIFIER = com.2witstudios.PurePoint.UITests;
				PRODUCT_NAME = "$(TARGET_NAME)";
				STRING_CATALOG_GENERATE_SYMBOLS = NO;
				SWIFT_APPROACHABLE_CONCURRENCY = YES;
				SWIFT_EMIT_LOC_STRINGS = NO;
				SWIFT_UPCOMING_FEATURE_MEMBER_IMPORT_VISIBILITY = YES;
				SWIFT_VERSION = 5.0;
				TEST_TARGET_NAME = "purepoint-macos";
			};
			name = Debug;
		};
		FBC7CFE32F53F1FE00F8E0A1 /* Release */ = {
			isa = XCBuildConfiguration;
			buildSettings = {
				CODE_SIGN_STYLE = Automatic;
				CURRENT_PROJECT_VERSION = 200;
				DEAD_CODE_STRIPPING = YES;
				DEVELOPMENT_TEAM = M96WTV3CKX;
				GENERATE_INFOPLIST_FILE = YES;
				MARKETING_VERSION = 0.2.0;
				PRODUCT_BUNDLE_IDENTIFIER = com.2witstudios.PurePoint.UITests;
				PRODUCT_NAME = "$(TARGET_NAME)";
				STRING_CATALOG_GENERATE_SYMBOLS = NO;
				SWIFT_APPROACHABLE_CONCURRENCY = YES;
				SWIFT_EMIT_LOC_STRINGS = NO;
				SWIFT_UPCOMING_FEATURE_MEMBER_IMPORT_VISIBILITY = YES;
				SWIFT_VERSION = 5.0;
				TEST_TARGET_NAME = "purepoint-macos";
			};
			name = Release;
		};
/* End XCBuildConfiguration section */

/* Begin XCConfigurationList section */
		FBC7CFB52F53F1FD00F8E0A1 /* Build configuration list for PBXProject "purepoint-macos" */ = {
			isa = XCConfigurationList;
			buildConfigurations = (
				FBC7CFD92F53F1FE00F8E0A1 /* Debug */,
				FBC7CFDA2F53F1FE00F8E0A1 /* Release */,
			);
			defaultConfigurationIsVisible = 0;
			defaultConfigurationName = Release;
		};
		FBC7CFDB2F53F1FE00F8E0A1 /* Build configuration list for PBXNativeTarget "purepoint-macos" */ = {
			isa = XCConfigurationList;
			buildConfigurations = (
				FBC7CFDC2F53F1FE00F8E0A1 /* Debug */,
				FBC7CFDD2F53F1FE00F8E0A1 /* Release */,
			);
			defaultConfigurationIsVisible = 0;
			defaultConfigurationName = Release;
		};
		FBC7CFDE2F53F1FE00F8E0A1 /* Build configuration list for PBXNativeTarget "purepoint-macosTests" */ = {
			isa = XCConfigurationList;
			buildConfigurations = (
				FBC7CFDF2F53F1FE00F8E0A1 /* Debug */,
				FBC7CFE02F53F1FE00F8E0A1 /* Release */,
			);
			defaultConfigurationIsVisible = 0;
			defaultConfigurationName = Release;
		};
		FBC7CFE12F53F1FE00F8E0A1 /* Build configuration list for PBXNativeTarget "purepoint-macosUITests" */ = {
			isa = XCConfigurationList;
			buildConfigurations = (
				FBC7CFE22F53F1FE00F8E0A1 /* Debug */,
				FBC7CFE32F53F1FE00F8E0A1 /* Release */,
			);
			defaultConfigurationIsVisible = 0;
			defaultConfigurationName = Release;
		};
/* End XCConfigurationList section */

/* Begin XCLocalSwiftPackageReference section */
		FB5726952F6851440077135F /* XCLocalSwiftPackageReference "LocalPackages/tree-sitter-yaml" */ = {
			isa = XCLocalSwiftPackageReference;
			relativePath = "LocalPackages/tree-sitter-yaml";
		};
		FB5726982F68515E0077135F /* XCLocalSwiftPackageReference "LocalPackages/tree-sitter-lua" */ = {
			isa = XCLocalSwiftPackageReference;
			relativePath = "LocalPackages/tree-sitter-lua";
		};
		FB57269B2F6851B90077135F /* XCLocalSwiftPackageReference "LocalPackages/tree-sitter-css" */ = {
			isa = XCLocalSwiftPackageReference;
			relativePath = "LocalPackages/tree-sitter-css";
		};
		FB57269E2F6851DA0077135F /* XCLocalSwiftPackageReference "LocalPackages/tree-sitter-python" */ = {
			isa = XCLocalSwiftPackageReference;
			relativePath = "LocalPackages/tree-sitter-python";
		};
		FB5726A12F6851EE0077135F /* XCLocalSwiftPackageReference "LocalPackages/tree-sitter-javascript" */ = {
			isa = XCLocalSwiftPackageReference;
			relativePath = "LocalPackages/tree-sitter-javascript";
		};
/* End XCLocalSwiftPackageReference section */

/* Begin XCRemoteSwiftPackageReference section */
		FB0A00032F60000000000001 /* XCRemoteSwiftPackageReference "SwiftTerm" */ = {
			isa = XCRemoteSwiftPackageReference;
			repositoryURL = "https://github.com/migueldeicaza/SwiftTerm.git";
			requirement = {
				kind = upToNextMajorVersion;
				minimumVersion = 1.11.2;
			};
		};
		FB0A00082F60000000000002 /* XCRemoteSwiftPackageReference "Sparkle" */ = {
			isa = XCRemoteSwiftPackageReference;
			repositoryURL = "https://github.com/sparkle-project/Sparkle.git";
			requirement = {
				kind = upToNextMajorVersion;
				minimumVersion = 2.7.0;
			};
		};
		FB5707582F6834CC0077135F /* XCRemoteSwiftPackageReference "tree-sitter-php" */ = {
			isa = XCRemoteSwiftPackageReference;
			repositoryURL = "https://github.com/tree-sitter/tree-sitter-php";
			requirement = {
				branch = master;
				kind = branch;
			};
		};
		FB5707692F6840320077135F /* XCRemoteSwiftPackageReference "tree-sitter-markdown" */ = {
			isa = XCRemoteSwiftPackageReference;
			repositoryURL = "https://github.com/tree-sitter-grammars/tree-sitter-markdown";
			requirement = {
				branch = split_parser;
				kind = branch;
			};
		};
		FB57076C2F68417C0077135F /* XCRemoteSwiftPackageReference "tree-sitter-html" */ = {
			isa = XCRemoteSwiftPackageReference;
			repositoryURL = "https://github.com/tree-sitter/tree-sitter-html";
			requirement = {
				branch = master;
				kind = branch;
			};
		};
		FB5707722F6841F30077135F /* XCRemoteSwiftPackageReference "tree-sitter-go" */ = {
			isa = XCRemoteSwiftPackageReference;
			repositoryURL = "https://github.com/tree-sitter/tree-sitter-go";
			requirement = {
				branch = master;
				kind = branch;
			};
		};
		FB5707752F6842360077135F /* XCRemoteSwiftPackageReference "tree-sitter-ruby" */ = {
			isa = XCRemoteSwiftPackageReference;
			repositoryURL = "https://github.com/tree-sitter/tree-sitter-ruby";
			requirement = {
				branch = master;
				kind = branch;
			};
		};
		FB5707782F6842540077135F /* XCRemoteSwiftPackageReference "tree-sitter-scala" */ = {
			isa = XCRemoteSwiftPackageReference;
			repositoryURL = "https://github.com/tree-sitter/tree-sitter-scala";
			requirement = {
				branch = master;
				kind = branch;
			};
		};
		FB57077B2F6842700077135F /* XCRemoteSwiftPackageReference "tree-sitter-haskell" */ = {
			isa = XCRemoteSwiftPackageReference;
			repositoryURL = "https://github.com/tree-sitter/tree-sitter-haskell";
			requirement = {
				branch = master;
				kind = branch;
			};
		};
		FB57077E2F6842C30077135F /* XCRemoteSwiftPackageReference "tree-sitter-toml" */ = {
			isa = XCRemoteSwiftPackageReference;
			repositoryURL = "https://github.com/tree-sitter-grammars/tree-sitter-toml";
			requirement = {
				branch = master;
				kind = branch;
			};
		};
		FB5707812F68430B0077135F /* XCRemoteSwiftPackageReference "tree-sitter-xml" */ = {
			isa = XCRemoteSwiftPackageReference;
			repositoryURL = "https://github.com/tree-sitter-grammars/tree-sitter-xml";
			requirement = {
				branch = master;
				kind = branch;
			};
		};
		FB57078B2F6847D90077135F /* XCRemoteSwiftPackageReference "tree-sitter-c-sharp" */ = {
			isa = XCRemoteSwiftPackageReference;
			repositoryURL = "https://github.com/tree-sitter/tree-sitter-c-sharp";
			requirement = {
				branch = master;
				kind = branch;
			};
		};
		FB57078D2F6847F10077135F /* XCRemoteSwiftPackageReference "tree-sitter-cpp" */ = {
			isa = XCRemoteSwiftPackageReference;
			repositoryURL = "https://github.com/tree-sitter/tree-sitter-cpp";
			requirement = {
				branch = master;
				kind = branch;
			};
		};
		FB57E1262F67B8090077135F /* XCRemoteSwiftPackageReference "tree-sitter-swift" */ = {
			isa = XCRemoteSwiftPackageReference;
			repositoryURL = "https://github.com/alex-pinkus/tree-sitter-swift";
			requirement = {
				kind = revision;
				revision = 277b583bbb024f20ba88b95c48bf5a6a0b4f2287;
			};
		};
		FB57E12C2F67BB8F0077135F /* XCRemoteSwiftPackageReference "tree-sitter-typescript" */ = {
			isa = XCRemoteSwiftPackageReference;
			repositoryURL = "https://github.com/tree-sitter/tree-sitter-typescript";
			requirement = {
				branch = master;
				kind = branch;
			};
		};
		FB57E12D2F67BC020077135F /* XCRemoteSwiftPackageReference "Neon" */ = {
			isa = XCRemoteSwiftPackageReference;
			repositoryURL = "https://github.com/ChimeHQ/Neon";
			requirement = {
				branch = main;
				kind = branch;
			};
		};
		FB57E1302F67BCE90077135F /* XCRemoteSwiftPackageReference "tree-sitter-rust" */ = {
			isa = XCRemoteSwiftPackageReference;
			repositoryURL = "https://github.com/tree-sitter/tree-sitter-rust";
			requirement = {
				branch = master;
				kind = branch;
			};
		};
		FB57E1332F67BD090077135F /* XCRemoteSwiftPackageReference "tree-sitter-json" */ = {
			isa = XCRemoteSwiftPackageReference;
			repositoryURL = "https://github.com/tree-sitter/tree-sitter-json";
			requirement = {
				branch = master;
				kind = branch;
			};
		};
		FB57E1362F67BD5B0077135F /* XCRemoteSwiftPackageReference "tree-sitter-bash" */ = {
			isa = XCRemoteSwiftPackageReference;
			repositoryURL = "https://github.com/tree-sitter/tree-sitter-bash";
			requirement = {
				branch = master;
				kind = branch;
			};
		};
/* End XCRemoteSwiftPackageReference section */

/* Begin XCSwiftPackageProductDependency section */
		FB0A00022F60000000000001 /* SwiftTerm */ = {
			isa = XCSwiftPackageProductDependency;
			package = FB0A00032F60000000000001 /* XCRemoteSwiftPackageReference "SwiftTerm" */;
			productName = SwiftTerm;
		};
		FB0A00072F60000000000002 /* Sparkle */ = {
			isa = XCSwiftPackageProductDependency;
			package = FB0A00082F60000000000002 /* XCRemoteSwiftPackageReference "Sparkle" */;
			productName = Sparkle;
		};
		FB5707592F6834CC0077135F /* TreeSitterPHP */ = {
			isa = XCSwiftPackageProductDependency;
			package = FB5707582F6834CC0077135F /* XCRemoteSwiftPackageReference "tree-sitter-php" */;
			productName = TreeSitterPHP;
		};
		FB57076A2F6840320077135F /* TreeSitterMarkdown */ = {
			isa = XCSwiftPackageProductDependency;
			package = FB5707692F6840320077135F /* XCRemoteSwiftPackageReference "tree-sitter-markdown" */;
			productName = TreeSitterMarkdown;
		};
		FB57076D2F68417C0077135F /* TreeSitterHTML */ = {
			isa = XCSwiftPackageProductDependency;
			package = FB57076C2F68417C0077135F /* XCRemoteSwiftPackageReference "tree-sitter-html" */;
			productName = TreeSitterHTML;
		};
		FB5707732F6841F30077135F /* TreeSitterGo */ = {
			isa = XCSwiftPackageProductDependency;
			package = FB5707722F6841F30077135F /* XCRemoteSwiftPackageReference "tree-sitter-go" */;
			productName = TreeSitterGo;
		};
		FB5707762F6842360077135F /* TreeSitterRuby */ = {
			isa = XCSwiftPackageProductDependency;
			package = FB5707752F6842360077135F /* XCRemoteSwiftPackageReference "tree-sitter-ruby" */;
			productName = TreeSitterRuby;
		};
		FB5707792F6842540077135F /* TreeSitterScala */ = {
			isa = XCSwiftPackageProductDependency;
			package = FB5707782F6842540077135F /* XCRemoteSwiftPackageReference "tree-sitter-scala" */;
			productName = TreeSitterScala;
		};
		FB57077C2F6842700077135F /* TreeSitterHaskell */ = {
			isa = XCSwiftPackageProductDependency;
			package = FB57077B2F6842700077135F /* XCRemoteSwiftPackageReference "tree-sitter-haskell" */;
			productName = TreeSitterHaskell;
		};
		FB57077F2F6842C30077135F /* TreeSitterTOML */ = {
			isa = XCSwiftPackageProductDependency;
			package = FB57077E2F6842C30077135F /* XCRemoteSwiftPackageReference "tree-sitter-toml" */;
			productName = TreeSitterTOML;
		};
		FB5707822F68430B0077135F /* TreeSitterXML */ = {
			isa = XCSwiftPackageProductDependency;
			package = FB5707812F68430B0077135F /* XCRemoteSwiftPackageReference "tree-sitter-xml" */;
			productName = TreeSitterXML;
		};
		FB57078C2F6847D90077135F /* TreeSitterCSharp */ = {
			isa = XCSwiftPackageProductDependency;
			package = FB57078B2F6847D90077135F /* XCRemoteSwiftPackageReference "tree-sitter-c-sharp" */;
			productName = TreeSitterCSharp;
		};
		FB57078E2F6847F10077135F /* TreeSitterCPP */ = {
			isa = XCSwiftPackageProductDependency;
			package = FB57078D2F6847F10077135F /* XCRemoteSwiftPackageReference "tree-sitter-cpp" */;
			productName = TreeSitterCPP;
		};
		FB5726962F6851440077135F /* TreeSitterYAML */ = {
			isa = XCSwiftPackageProductDependency;
			productName = TreeSitterYAML;
		};
		FB5726992F68515E0077135F /* TreeSitterLua */ = {
			isa = XCSwiftPackageProductDependency;
			productName = TreeSitterLua;
		};
		FB57269C2F6851B90077135F /* TreeSitterCSS */ = {
			isa = XCSwiftPackageProductDependency;
			productName = TreeSitterCSS;
		};
		FB57269F2F6851DA0077135F /* TreeSitterPython */ = {
			isa = XCSwiftPackageProductDependency;
			productName = TreeSitterPython;
		};
		FB5726A22F6851EE0077135F /* TreeSitterJavaScript */ = {
			isa = XCSwiftPackageProductDependency;
			productName = TreeSitterJavaScript;
		};
		FB57E1272F67B8090077135F /* TreeSitterSwift */ = {
			isa = XCSwiftPackageProductDependency;
			package = FB57E1262F67B8090077135F /* XCRemoteSwiftPackageReference "tree-sitter-swift" */;
			productName = TreeSitterSwift;
		};
		FB57E12E2F67BC020077135F /* Neon */ = {
			isa = XCSwiftPackageProductDependency;
			package = FB57E12D2F67BC020077135F /* XCRemoteSwiftPackageReference "Neon" */;
			productName = Neon;
		};
		FB57E1312F67BCE90077135F /* TreeSitterRust */ = {
			isa = XCSwiftPackageProductDependency;
			package = FB57E1302F67BCE90077135F /* XCRemoteSwiftPackageReference "tree-sitter-rust" */;
			productName = TreeSitterRust;
		};
		FB57E1342F67BD090077135F /* TreeSitterJSON */ = {
			isa = XCSwiftPackageProductDependency;
			package = FB57E1332F67BD090077135F /* XCRemoteSwiftPackageReference "tree-sitter-json" */;
			productName = TreeSitterJSON;
		};
		FB57E1372F67BD5B0077135F /* TreeSitterBash */ = {
			isa = XCSwiftPackageProductDependency;
			package = FB57E1362F67BD5B0077135F /* XCRemoteSwiftPackageReference "tree-sitter-bash" */;
			productName = TreeSitterBash;
		};
		FB57E13A2F67BD900077135F /* TreeSitterTypeScript */ = {
			isa = XCSwiftPackageProductDependency;
			package = FB57E12C2F67BB8F0077135F /* XCRemoteSwiftPackageReference "tree-sitter-typescript" */;
			productName = TreeSitterTypeScript;
		};
/* End XCSwiftPackageProductDependency section */
	};
	rootObject = FBC7CFB22F53F1FD00F8E0A1 /* Project object */;
}
