// !$*UTF8*$!
{archiveVersion = 1; classes = {}; objectVersion = 56; objects = {
273E7B0E984A3DD6E2D1A676 = {isa = PBXFileReference; lastKnownFileType = sourcecode.swift; path = ChatDomain.swift; sourceTree = "<group>";};
12D470CE39B24951FAF76E04 = {isa = PBXBuildFile; fileRef = 273E7B0E984A3DD6E2D1A676;};
7478A76549FBF19ACA4DBFB2 = {isa = PBXFileReference; lastKnownFileType = sourcecode.swift; path = ChatModel.swift; sourceTree = "<group>";};
C59583F7E18B4596597BEDDA = {isa = PBXBuildFile; fileRef = 7478A76549FBF19ACA4DBFB2;};
597949AACD9086B8CBE7C0AF = {isa = PBXFileReference; lastKnownFileType = sourcecode.swift; path = ChatView.swift; sourceTree = "<group>";};
7DBBAA5038C8CBDCAD663A2A = {isa = PBXBuildFile; fileRef = 597949AACD9086B8CBE7C0AF;};
A9011667ABD8DFEEFEECB394 = {isa = PBXFileReference; lastKnownFileType = sourcecode.swift; path = PairingSecret.swift; sourceTree = "<group>";};
03A1BD6E1882C4B943D28330 = {isa = PBXBuildFile; fileRef = A9011667ABD8DFEEFEECB394;};
F7EDD619AA16E0B012865022 = {isa = PBXFileReference; lastKnownFileType = sourcecode.swift; path = PurePointApp.swift; sourceTree = "<group>";};
1642213AB225045F66717EA3 = {isa = PBXBuildFile; fileRef = F7EDD619AA16E0B012865022;};
1A15C1FE727B85D6A19B0C9E = {isa = PBXFileReference; lastKnownFileType = sourcecode.swift; path = SetupViews.swift; sourceTree = "<group>";};
A4470EE61A1423E7350F03DB = {isa = PBXBuildFile; fileRef = 1A15C1FE727B85D6A19B0C9E;};
E57F277FE965A78320F0683F = {isa = PBXFileReference; lastKnownFileType = folder.assetcatalog; path = Assets.xcassets; sourceTree = "<group>";};
DC70FFF4E06BDA5237F8DE31 = {isa = PBXBuildFile; fileRef = E57F277FE965A78320F0683F;};
49197345D553FC30BF042262 = {isa = PBXFileReference; lastKnownFileType = text.plist.xml; path = Info.plist; sourceTree = "<group>";};
83EDD2910EB5DE69EF1AD3C3 = {isa = PBXFileReference; lastKnownFileType = sourcecode.swift; path = ChatDomainTests.swift; sourceTree = "<group>";};
C0D67A4EB10BD088221C291D = {isa = PBXBuildFile; fileRef = 83EDD2910EB5DE69EF1AD3C3;};
A7221477E79F821CCE16BAD1 = {isa = PBXFileReference; explicitFileType = wrapper.application; includeInIndex = 0; path = PurePoint.app; sourceTree = BUILT_PRODUCTS_DIR;};
6DE9A813BC60FB8EDDEBD1CC = {isa = PBXFileReference; explicitFileType = wrapper.cfbundle; includeInIndex = 0; path = PurePointTests.xctest; sourceTree = BUILT_PRODUCTS_DIR;};
B8979D755044D1B143B016DD = {isa = PBXGroup; children = (273E7B0E984A3DD6E2D1A676,7478A76549FBF19ACA4DBFB2,597949AACD9086B8CBE7C0AF,A9011667ABD8DFEEFEECB394,F7EDD619AA16E0B012865022,1A15C1FE727B85D6A19B0C9E,E57F277FE965A78320F0683F,49197345D553FC30BF042262,); path = PurePoint; sourceTree = "<group>";};
FAF7CC0931F49DBAE1F444E2 = {isa = PBXGroup; children = (83EDD2910EB5DE69EF1AD3C3,); path = PurePointTests; sourceTree = "<group>";};
49E15581A88655E81B8BC22E = {isa = PBXGroup; children = (A7221477E79F821CCE16BAD1,6DE9A813BC60FB8EDDEBD1CC,); name = Products; sourceTree = "<group>";};
452638CCE5B924A906BF0695 = {isa = PBXGroup; children = (B8979D755044D1B143B016DD,FAF7CC0931F49DBAE1F444E2,49E15581A88655E81B8BC22E,); sourceTree = "<group>";};
7BE63C5F0799955082BF5BB1 = {isa = PBXSourcesBuildPhase; buildActionMask = 2147483647; files = (12D470CE39B24951FAF76E04,C59583F7E18B4596597BEDDA,7DBBAA5038C8CBDCAD663A2A,03A1BD6E1882C4B943D28330,1642213AB225045F66717EA3,A4470EE61A1423E7350F03DB,); runOnlyForDeploymentPostprocessing = 0;};
F2347A7F26A3AC6EC6DC6F7B = {isa = PBXFrameworksBuildPhase; buildActionMask = 2147483647; files = (); runOnlyForDeploymentPostprocessing = 0;};
12F2A9ABFE358250DABD0B2F = {isa = PBXResourcesBuildPhase; buildActionMask = 2147483647; files = (DC70FFF4E06BDA5237F8DE31,); runOnlyForDeploymentPostprocessing = 0;};
F7F359506C97241DBD23ECAE = {isa = PBXSourcesBuildPhase; buildActionMask = 2147483647; files = (C0D67A4EB10BD088221C291D,); runOnlyForDeploymentPostprocessing = 0;};
F98BFEADBBD7FD241F080AC0 = {isa = PBXFrameworksBuildPhase; buildActionMask = 2147483647; files = (); runOnlyForDeploymentPostprocessing = 0;};
44779B45B370DA198ECE1212 = {isa = PBXResourcesBuildPhase; buildActionMask = 2147483647; files = (); runOnlyForDeploymentPostprocessing = 0;};
2A14A2451925DC7CB0D12FF9 = {isa = XCBuildConfiguration; buildSettings = {SDKROOT = iphoneos; IPHONEOS_DEPLOYMENT_TARGET = 17.0; SWIFT_VERSION = 5.0; CLANG_ENABLE_MODULES = YES; CLANG_ENABLE_OBJC_ARC = YES; SWIFT_OPTIMIZATION_LEVEL = "-Onone"; SWIFT_ACTIVE_COMPILATION_CONDITIONS = DEBUG; ENABLE_TESTABILITY = YES;}; name = Debug;};
D23DB2DEEA681ABE333348D2 = {isa = XCBuildConfiguration; buildSettings = {SDKROOT = iphoneos; IPHONEOS_DEPLOYMENT_TARGET = 17.0; SWIFT_VERSION = 5.0; CLANG_ENABLE_MODULES = YES; CLANG_ENABLE_OBJC_ARC = YES; SWIFT_OPTIMIZATION_LEVEL = "-O";}; name = Release;};
67EF8A7D29AEA57945B9C697 = {isa = XCConfigurationList; buildConfigurations = (2A14A2451925DC7CB0D12FF9,D23DB2DEEA681ABE333348D2,); defaultConfigurationIsVisible = 0; defaultConfigurationName = Release;};
22BB49F1E3143D215EEF6FFF = {isa = XCBuildConfiguration; buildSettings = {PRODUCT_BUNDLE_IDENTIFIER = com.jono.PiMobile; PRODUCT_NAME = "$(TARGET_NAME)"; INFOPLIST_FILE = PurePoint/Info.plist; "CODE_SIGN_ENTITLEMENTS[sdk=iphonesimulator*]" = verification/Simulator.entitlements; CODE_SIGN_STYLE = Automatic; TARGETED_DEVICE_FAMILY = 1; ASSETCATALOG_COMPILER_APPICON_NAME = AppIcon; ASSETCATALOG_COMPILER_GLOBAL_ACCENT_COLOR_NAME = AccentColor; SWIFT_EMIT_LOC_STRINGS = YES; SWIFT_OPTIMIZATION_LEVEL = "-Onone"; SWIFT_ACTIVE_COMPILATION_CONDITIONS = DEBUG; ENABLE_TESTABILITY = YES;}; name = Debug;};
46B90281C9F64DA2E860591A = {isa = XCBuildConfiguration; buildSettings = {PRODUCT_BUNDLE_IDENTIFIER = com.jono.PiMobile; PRODUCT_NAME = "$(TARGET_NAME)"; INFOPLIST_FILE = PurePoint/Info.plist; "CODE_SIGN_ENTITLEMENTS[sdk=iphonesimulator*]" = verification/Simulator.entitlements; CODE_SIGN_STYLE = Automatic; TARGETED_DEVICE_FAMILY = 1; ASSETCATALOG_COMPILER_APPICON_NAME = AppIcon; ASSETCATALOG_COMPILER_GLOBAL_ACCENT_COLOR_NAME = AccentColor; SWIFT_EMIT_LOC_STRINGS = YES; SWIFT_OPTIMIZATION_LEVEL = "-O";}; name = Release;};
4A3DB9F30DED77CF89DAC293 = {isa = XCConfigurationList; buildConfigurations = (22BB49F1E3143D215EEF6FFF,46B90281C9F64DA2E860591A,); defaultConfigurationIsVisible = 0; defaultConfigurationName = Release;};
668CED4AA2F6A220F0A03710 = {isa = XCBuildConfiguration; buildSettings = {PRODUCT_BUNDLE_IDENTIFIER = com.jono.PiMobileTests; PRODUCT_NAME = "$(TARGET_NAME)"; GENERATE_INFOPLIST_FILE = YES; CODE_SIGN_STYLE = Automatic; TARGETED_DEVICE_FAMILY = 1; TEST_HOST = "$(BUILT_PRODUCTS_DIR)/PurePoint.app/$(BUNDLE_EXECUTABLE_FOLDER_PATH)/PurePoint"; BUNDLE_LOADER = "$(TEST_HOST)"; SWIFT_OPTIMIZATION_LEVEL = "-Onone"; SWIFT_ACTIVE_COMPILATION_CONDITIONS = DEBUG; ENABLE_TESTABILITY = YES;}; name = Debug;};
B0D363A33EB013418EE975B1 = {isa = XCBuildConfiguration; buildSettings = {PRODUCT_BUNDLE_IDENTIFIER = com.jono.PiMobileTests; PRODUCT_NAME = "$(TARGET_NAME)"; GENERATE_INFOPLIST_FILE = YES; CODE_SIGN_STYLE = Automatic; TARGETED_DEVICE_FAMILY = 1; TEST_HOST = "$(BUILT_PRODUCTS_DIR)/PurePoint.app/$(BUNDLE_EXECUTABLE_FOLDER_PATH)/PurePoint"; BUNDLE_LOADER = "$(TEST_HOST)"; SWIFT_OPTIMIZATION_LEVEL = "-O";}; name = Release;};
2CEEA6D5EDD6599398E4418C = {isa = XCConfigurationList; buildConfigurations = (668CED4AA2F6A220F0A03710,B0D363A33EB013418EE975B1,); defaultConfigurationIsVisible = 0; defaultConfigurationName = Release;};
BED50BA31304B8B9EE940052 = {isa = PBXContainerItemProxy; containerPortal = 2AED816163A8AF716B18FCE9; proxyType = 1; remoteGlobalIDString = F10D2B21382AD67D051E1493; remoteInfo = PurePoint;};
3538604E2642072F732F99A8 = {isa = PBXTargetDependency; target = F10D2B21382AD67D051E1493; targetProxy = BED50BA31304B8B9EE940052;};
F10D2B21382AD67D051E1493 = {isa = PBXNativeTarget; buildConfigurationList = 4A3DB9F30DED77CF89DAC293; buildPhases = (7BE63C5F0799955082BF5BB1,F2347A7F26A3AC6EC6DC6F7B,12F2A9ABFE358250DABD0B2F,); buildRules = (); dependencies = (); name = PurePoint; productName = PurePoint; productReference = A7221477E79F821CCE16BAD1; productType = "com.apple.product-type.application";};
0A0448D26D873D626E34D85D = {isa = PBXNativeTarget; buildConfigurationList = 2CEEA6D5EDD6599398E4418C; buildPhases = (F7F359506C97241DBD23ECAE,F98BFEADBBD7FD241F080AC0,44779B45B370DA198ECE1212,); buildRules = (); dependencies = (3538604E2642072F732F99A8,); name = PurePointTests; productName = PurePointTests; productReference = 6DE9A813BC60FB8EDDEBD1CC; productType = "com.apple.product-type.bundle.unit-test";};
2AED816163A8AF716B18FCE9 = {isa = PBXProject; attributes = {BuildIndependentTargetsInParallel = YES; LastUpgradeCheck = 1600; TargetAttributes = {F10D2B21382AD67D051E1493 = {CreatedOnToolsVersion = 16.0;}; 0A0448D26D873D626E34D85D = {CreatedOnToolsVersion = 16.0; TestTargetID = F10D2B21382AD67D051E1493;};};}; buildConfigurationList = 67EF8A7D29AEA57945B9C697; compatibilityVersion = "Xcode 14.0"; developmentRegion = en; hasScannedForEncodings = 0; knownRegions = (en,Base,); mainGroup = 452638CCE5B924A906BF0695; productRefGroup = 49E15581A88655E81B8BC22E; projectDirPath = ""; projectRoot = ""; targets = (F10D2B21382AD67D051E1493,0A0448D26D873D626E34D85D,);};
}; rootObject = 2AED816163A8AF716B18FCE9;}
